
Microsoft Visual Studio Solution File, Format Version 12.00
# Visual Studio 14
VisualStudioVersion = 14.0.25420.1
MinimumVisualStudioVersion = 10.0.40219.1
Project("{FAE04EC0-301F-11D3-BF4B-00C04F79EFBC}") = "BlindHelper.Views", "BlindHelper.Views\BlindHelper.Views.csproj", "{3C0C9E82-9DB5-4515-81AA-D418E7DCA421}"
EndProject
Project("{FAE04EC0-301F-11D3-BF4B-00C04F79EFBC}") = "BlindHelper.ViewModels", "BlindHelper.ViewModels\BlindHelper.ViewModels.csproj", "{ABD597EE-964F-4DBF-8C04-E74A75E7D34A}"
EndProject
Project("{FAE04EC0-301F-11D3-BF4B-00C04F79EFBC}") = "BlindHelper.Models", "BlindHelper.Models\BlindHelper.Models.csproj", "{0CCB9ABC-7AD9-4546-8A13-7528AC754519}"
EndProject
Global
	GlobalSection(SolutionConfigurationPlatforms) = preSolution
		Debug|Any CPU = Debug|Any CPU
		Release|Any CPU = Release|Any CPU
	EndGlobalSection
	GlobalSection(ProjectConfigurationPlatforms) = postSolution
		{3C0C9E82-9DB5-4515-81AA-D418E7DCA421}.Debug|Any CPU.ActiveCfg = Debug|Any CPU
		{3C0C9E82-9DB5-4515-81AA-D418E7DCA421}.Debug|Any CPU.Build.0 = Debug|Any CPU
		{3C0C9E82-9DB5-4515-81AA-D418E7DCA421}.Release|Any CPU.ActiveCfg = Release|Any CPU
		{3C0C9E82-9DB5-4515-81AA-D418E7DCA421}.Release|Any CPU.Build.0 = Release|Any CPU
		{ABD597EE-964F-4DBF-8C04-E74A75E7D34A}.Debug|Any CPU.ActiveCfg = Debug|Any CPU
		{ABD597EE-964F-4DBF-8C04-E74A75E7D34A}.Debug|Any CPU.Build.0 = Debug|Any CPU
		{ABD597EE-964F-4DBF-8C04-E74A75E7D34A}.Release|Any CPU.ActiveCfg = Release|Any CPU
		{ABD597EE-964F-4DBF-8C04-E74A75E7D34A}.Release|Any CPU.Build.0 = Release|Any CPU
		{0CCB9ABC-7AD9-4546-8A13-7528AC754519}.Debug|Any CPU.ActiveCfg = Debug|Any CPU
		{0CCB9ABC-7AD9-4546-8A13-7528AC754519}.Debug|Any CPU.Build.0 = Debug|Any CPU
		{0CCB9ABC-7AD9-4546-8A13-7528AC754519}.Release|Any CPU.ActiveCfg = Release|Any CPU
		{0CCB9ABC-7AD9-4546-8A13-7528AC754519}.Release|Any CPU.Build.0 = Release|Any CPU
	EndGlobalSection
	GlobalSection(SolutionProperties) = preSolution
		HideSolutionNode = FALSE
	EndGlobalSection
EndGlobal
